<?xml version="1.0" encoding="utf-8"?>
<Project ToolsVersion="4.0" xmlns="http://schemas.microsoft.com/developer/msbuild/2003">
  <ItemGroup>
    <Filter Include="ソース ファイル">
      <UniqueIdentifier>{4FC737F1-C7A5-4376-A066-2A32D752A2FF}</UniqueIdentifier>
      <Extensions>cpp;c;cc;cxx;c++;cppm;ixx;def;odl;idl;hpj;bat;asm;asmx</Extensions>
    </Filter>
    <Filter Include="ヘッダー ファイル">
      <UniqueIdentifier>{93995380-89BD-4b04-88EB-625FBE52EBFB}</UniqueIdentifier>
      <Extensions>h;hh;hpp;hxx;h++;hm;inl;inc;ipp;xsd</Extensions>
    </Filter>
    <Filter Include="リソース ファイル">
      <UniqueIdentifier>{67DA6AB6-F800-4c08-8B7A-83BB121AAD01}</UniqueIdentifier>
      <Extensions>rc;ico;cur;bmp;dlg;rc2;rct;bin;rgs;gif;jpg;jpeg;jpe;resx;tiff;tif;png;wav;mfcribbon-ms</Extensions>
    </Filter>
    <Filter Include="ヘッダー ファイル\Application">
      <UniqueIdentifier>{96fa8c75-bfb6-41ef-bdfb-1e4bd5031430}</UniqueIdentifier>
    </Filter>
    <Filter Include="ソース ファイル\Application">
      <UniqueIdentifier>{0b2ddec7-049f-4a7d-a405-4a9559fe4857}</UniqueIdentifier>
    </Filter>
    <Filter Include="ソース ファイル\DirectX3D 11">
      <UniqueIdentifier>{bb664f1a-57bf-4d5d-839e-f5d1b602a9e5}</UniqueIdentifier>
    </Filter>
    <Filter Include="ヘッダー ファイル\DirectX3D 11">
      <UniqueIdentifier>{5e504452-23ef-479a-85b9-86964069b41b}</UniqueIdentifier>
    </Filter>
    <Filter Include="Shader">
      <UniqueIdentifier>{8e691d8b-0b97-407e-9f36-b86514e1ab96}</UniqueIdentifier>
    </Filter>
    <Filter Include="Shader\HLSL">
      <UniqueIdentifier>{281a74ba-91cc-495b-97fc-71f3c691d94c}</UniqueIdentifier>
    </Filter>
    <Filter Include="ソース ファイル\System">
      <UniqueIdentifier>{49320594-9afb-47a6-b4ad-2dd21d5fc014}</UniqueIdentifier>
    </Filter>
    <Filter Include="ソース ファイル\System\Window">
      <UniqueIdentifier>{930f2a4a-2152-449d-a5f3-11cbcacc1873}</UniqueIdentifier>
    </Filter>
    <Filter Include="ヘッダー ファイル\System">
      <UniqueIdentifier>{b97d0fae-0dba-48db-9b01-06d6a0e16390}</UniqueIdentifier>
    </Filter>
    <Filter Include="ヘッダー ファイル\System\Window">
      <UniqueIdentifier>{9e3cac87-2111-4e9b-abb9-6d62e004a9f1}</UniqueIdentifier>
    </Filter>
    <Filter Include="ソース ファイル\DirectX3D 11\Graphics">
      <UniqueIdentifier>{c03cf040-d901-4267-9b4a-5834ca2a4196}</UniqueIdentifier>
    </Filter>
    <Filter Include="ソース ファイル\DirectX3D 11\Object">
      <UniqueIdentifier>{889c7998-d7fd-4943-8d81-c6f822b57019}</UniqueIdentifier>
    </Filter>
    <Filter Include="ソース ファイル\DirectX3D 11\Resouce">
      <UniqueIdentifier>{f602bf45-b16d-42c7-8318-654bd106e4fb}</UniqueIdentifier>
    </Filter>
    <Filter Include="ソース ファイル\DirectX3D 11\Shader">
      <UniqueIdentifier>{90af1be1-34b7-45d7-81ab-ac450ab8f6e3}</UniqueIdentifier>
    </Filter>
    <Filter Include="ヘッダー ファイル\DirectX3D 11\Graphics">
      <UniqueIdentifier>{009548f8-e3b4-4c0b-9b24-672bee41a284}</UniqueIdentifier>
    </Filter>
    <Filter Include="ヘッダー ファイル\DirectX3D 11\Object">
      <UniqueIdentifier>{70cca3dc-c52c-4269-9eb9-8161105d6b8c}</UniqueIdentifier>
    </Filter>
    <Filter Include="ヘッダー ファイル\DirectX3D 11\Resouce">
      <UniqueIdentifier>{f64b5064-48ac-49e0-b3d4-a5e79d997739}</UniqueIdentifier>
    </Filter>
    <Filter Include="ヘッダー ファイル\DirectX3D 11\Shader">
      <UniqueIdentifier>{976b7d6b-687c-4ff8-8c0a-d8b840cca78d}</UniqueIdentifier>
    </Filter>
    <Filter Include="ソース ファイル\DirectX3D 12">
      <UniqueIdentifier>{f0c8f576-b987-4455-ad27-51e7f50eacc0}</UniqueIdentifier>
    </Filter>
    <Filter Include="ヘッダー ファイル\DirectX3D 12">
      <UniqueIdentifier>{8c4596ee-15ff-4a90-b653-9990aad68387}</UniqueIdentifier>
    </Filter>
    <Filter Include="ソース ファイル\DirectX3D 12\Graphics">
      <UniqueIdentifier>{3387f636-486f-41ef-ace6-a9d98db6277a}</UniqueIdentifier>
    </Filter>
    <Filter Include="ヘッダー ファイル\DirectX3D 12\Graphics">
      <UniqueIdentifier>{c0b399a5-fe00-408b-943c-455d98916224}</UniqueIdentifier>
    </Filter>
    <Filter Include="ソース ファイル\Utirity">
      <UniqueIdentifier>{a95e4ba6-c319-4531-88bb-544094353457}</UniqueIdentifier>
    </Filter>
    <Filter Include="ヘッダー ファイル\Utirity">
      <UniqueIdentifier>{bff6fc41-49f4-433a-8cfc-df9fe0eb195d}</UniqueIdentifier>
    </Filter>
    <Filter Include="ソース ファイル\Graphics">
      <UniqueIdentifier>{07888718-2e97-44e4-b284-d6d5d2a70258}</UniqueIdentifier>
    </Filter>
    <Filter Include="ヘッダー ファイル\Graphics">
      <UniqueIdentifier>{5ff7124c-89d8-460f-8555-a5b00d62968d}</UniqueIdentifier>
    </Filter>
  </ItemGroup>
  <ItemGroup>
    <ClCompile Include="Application.cpp">
      <Filter>ソース ファイル\Application</Filter>
    </ClCompile>
    <ClCompile Include="Window.cpp">
      <Filter>ソース ファイル\System\Window</Filter>
    </ClCompile>
    <ClCompile Include="Game.cpp">
      <Filter>ソース ファイル</Filter>
    </ClCompile>
    <ClCompile Include="WinMain.cpp">
      <Filter>ソース ファイル\System</Filter>
    </ClCompile>
    <ClCompile Include="DirectX11\DirectX11_DepthStencil.cpp">
      <Filter>ソース ファイル\DirectX3D 11\Graphics</Filter>
    </ClCompile>
    <ClCompile Include="DirectX11\DirectX11_GraphicsManager.cpp">
      <Filter>ソース ファイル\DirectX3D 11\Graphics</Filter>
    </ClCompile>
    <ClCompile Include="DirectX11\DirectX11_Rasterizer.cpp">
      <Filter>ソース ファイル\DirectX3D 11\Graphics</Filter>
    </ClCompile>
    <ClCompile Include="DirectX11\DirectX11_SwapChain.cpp">
      <Filter>ソース ファイル\DirectX3D 11\Graphics</Filter>
    </ClCompile>
    <ClCompile Include="DirectX11\DirectX11_ViewPort.cpp">
      <Filter>ソース ファイル\DirectX3D 11\Graphics</Filter>
    </ClCompile>
    <ClCompile Include="DirectX12\DirectX12_GraphicsManager.cpp">
      <Filter>ソース ファイル\DirectX3D 12\Graphics</Filter>
    </ClCompile>
    <ClCompile Include="DirectX12\DirectX12_ViewPort.cpp">
      <Filter>ソース ファイル\DirectX3D 12\Graphics</Filter>
    </ClCompile>
    <ClCompile Include="Utility\Math.cpp">
      <Filter>ソース ファイル\Utirity</Filter>
    </ClCompile>
    <ClCompile Include="DirectX12\DirectX12_SwapChain.cpp">
      <Filter>ソース ファイル\DirectX3D 12\Graphics</Filter>
    </ClCompile>
    <ClCompile Include="DirectX12\DirectX12_PipeLineStateObject.cpp">
      <Filter>ソース ファイル\DirectX3D 12\Graphics</Filter>
    </ClCompile>
    <ClCompile Include="DirectX12_Resources.cpp">
      <Filter>ソース ファイル\DirectX3D 12\Graphics</Filter>
    </ClCompile>
    <ClCompile Include="Object.cpp">
      <Filter>ソース ファイル</Filter>
    </ClCompile>
    <ClCompile Include="Texture.cpp">
      <Filter>ソース ファイル</Filter>
    </ClCompile>
    <ClCompile Include="Shader.cpp">
      <Filter>ソース ファイル</Filter>
    </ClCompile>
    <ClCompile Include="Timer.cpp">
      <Filter>ソース ファイル\Utirity</Filter>
    </ClCompile>
    <ClCompile Include="GHI\Buffer.cpp">
      <Filter>ソース ファイル\Graphics</Filter>
    </ClCompile>
    <ClCompile Include="GHI\Context.cpp">
      <Filter>ソース ファイル\Graphics</Filter>
    </ClCompile>
    <ClCompile Include="GHI\Device.cpp">
      <Filter>ソース ファイル\Graphics</Filter>
    </ClCompile>
    <ClCompile Include="GHI\CommonState.cpp">
      <Filter>ソース ファイル\Graphics</Filter>
    </ClCompile>
    <ClCompile Include="GHI\GHI_Renderer.cpp">
      <Filter>ソース ファイル\Graphics</Filter>
    </ClCompile>
  </ItemGroup>
  <ItemGroup>
    <ClInclude Include="Application.h">
      <Filter>ヘッダー ファイル\Application</Filter>
    </ClInclude>
    <ClInclude Include="Window.h">
      <Filter>ヘッダー ファイル\System\Window</Filter>
    </ClInclude>
    <ClInclude Include="DirectX11\DirectX11_DepthStencil.h">
      <Filter>ヘッダー ファイル\DirectX3D 11\Graphics</Filter>
    </ClInclude>
    <ClInclude Include="DirectX11\DirectX11_GraphicsManager.h">
      <Filter>ヘッダー ファイル\DirectX3D 11\Graphics</Filter>
    </ClInclude>
    <ClInclude Include="DirectX11\DirectX11_Rasterizer.h">
      <Filter>ヘッダー ファイル\DirectX3D 11\Graphics</Filter>
    </ClInclude>
    <ClInclude Include="DirectX11\DirectX11_SwapChain.h">
      <Filter>ヘッダー ファイル\DirectX3D 11\Graphics</Filter>
    </ClInclude>
    <ClInclude Include="DirectX11\DirectX11_ViewPort.h">
      <Filter>ヘッダー ファイル\DirectX3D 11\Graphics</Filter>
    </ClInclude>
    <ClInclude Include="DirectX12\DirectX12_GraphicsManager.h">
      <Filter>ヘッダー ファイル\DirectX3D 12\Graphics</Filter>
    </ClInclude>
    <ClInclude Include="DirectX12\DirectX12_ViewPort.h">
      <Filter>ヘッダー ファイル\DirectX3D 12\Graphics</Filter>
    </ClInclude>
    <ClInclude Include="Utility\Math.h">
      <Filter>ヘッダー ファイル\Utirity</Filter>
    </ClInclude>
    <ClInclude Include="DirectX12\DirectX12_SwapChain.h">
      <Filter>ヘッダー ファイル\DirectX3D 12\Graphics</Filter>
    </ClInclude>
    <ClInclude Include="DirectX12\DirectX12_PipeLineStateObject.h">
      <Filter>ヘッダー ファイル\DirectX3D 12\Graphics</Filter>
    </ClInclude>
    <ClInclude Include="DirectX12_Resources.h">
      <Filter>ヘッダー ファイル\DirectX3D 12\Graphics</Filter>
    </ClInclude>
    <ClInclude Include="Object.h">
      <Filter>ヘッダー ファイル</Filter>
    </ClInclude>
    <ClInclude Include="Texture.h">
      <Filter>ヘッダー ファイル</Filter>
    </ClInclude>
    <ClInclude Include="Shader.h">
      <Filter>ヘッダー ファイル</Filter>
    </ClInclude>
    <ClInclude Include="Timer.h">
      <Filter>ヘッダー ファイル\Utirity</Filter>
    </ClInclude>
    <ClInclude Include="SwitchingAPI.h">
      <Filter>ヘッダー ファイル</Filter>
    </ClInclude>
    <ClInclude Include="GHI\GHI_Buffer.h">
      <Filter>ヘッダー ファイル\Graphics</Filter>
    </ClInclude>
    <ClInclude Include="GHI\GHI_Context.h">
      <Filter>ヘッダー ファイル\Graphics</Filter>
    </ClInclude>
    <ClInclude Include="GHI\GHI_Device.h">
      <Filter>ヘッダー ファイル\Graphics</Filter>
    </ClInclude>
    <ClInclude Include="GHI\GHI_CommonState.h">
      <Filter>ヘッダー ファイル\Graphics</Filter>
    </ClInclude>
    <ClInclude Include="GHI\GHI_Renderer.h">
      <Filter>ヘッダー ファイル\Graphics</Filter>
    </ClInclude>
  </ItemGroup>
  <ItemGroup>
    <FxCompile Include="Shader\PixelShader.hlsl">
      <Filter>Shader\HLSL</Filter>
    </FxCompile>
    <FxCompile Include="Shader\VertexShader.hlsl">
      <Filter>Shader\HLSL</Filter>
    </FxCompile>
  </ItemGroup>
</Project>